
Microsoft Visual Studio Solution File, Format Version 12.00
Project("{FAE04EC0-301F-11D3-BF4B-00C04F79EFBC}") = "CompressSave", "CompressSave\CompressSave.csproj", "{A283A918-207F-4DD7-A098-F99EBE610558}"
EndProject
Project("{FAE04EC0-301F-11D3-BF4B-00C04F79EFBC}") = "XianTu", "XianTu\XianTu.csproj", "{AD871765-1FBB-4BAE-B839-C0F35DEF20C2}"
EndProject
Global
	GlobalSection(SolutionConfigurationPlatforms) = preSolution
		Debug|Any CPU = Debug|Any CPU
		Release|Any CPU = Release|Any CPU
	EndGlobalSection
	GlobalSection(ProjectConfigurationPlatforms) = postSolution
		{A283A918-207F-4DD7-A098-F99EBE610558}.Debug|Any CPU.ActiveCfg = Debug|Any CPU
		{A283A918-207F-4DD7-A098-F99EBE610558}.Debug|Any CPU.Build.0 = Debug|Any CPU
		{A283A918-207F-4DD7-A098-F99EBE610558}.Release|Any CPU.ActiveCfg = Release|Any CPU
		{A283A918-207F-4DD7-A098-F99EBE610558}.Release|Any CPU.Build.0 = Release|Any CPU
		{AD871765-1FBB-4BAE-B839-C0F35DEF20C2}.Debug|Any CPU.ActiveCfg = Debug|Any CPU
		{AD871765-1FBB-4BAE-B839-C0F35DEF20C2}.Debug|Any CPU.Build.0 = Debug|Any CPU
		{AD871765-1FBB-4BAE-B839-C0F35DEF20C2}.Release|Any CPU.ActiveCfg = Release|Any CPU
		{AD871765-1FBB-4BAE-B839-C0F35DEF20C2}.Release|Any CPU.Build.0 = Release|Any CPU
	EndGlobalSection
EndGlobal
